
Microsoft Visual Studio Solution File, Format Version 12.00
# Visual Studio Version 17
VisualStudioVersion = 17.7.34221.43
MinimumVisualStudioVersion = 10.0.40219.1
Project("{FAE04EC0-301F-11D3-BF4B-00C04F79EFBC}") = "Exo-P148-01", "Exo-P148-01\Exo-P148-01.csproj", "{FAD11C2F-218E-492B-AF0F-F35EBDA87693}"
EndProject
Project("{FAE04EC0-301F-11D3-BF4B-00C04F79EFBC}") = "Exo-P148-02", "Exo-P148-02\Exo-P148-02.csproj", "{04B6817E-2159-4DE3-ADE7-04BD0AE81E0C}"
EndProject
Project("{FAE04EC0-301F-11D3-BF4B-00C04F79EFBC}") = "Exo-P148-03", "Exo-P148-03\Exo-P148-03.csproj", "{82432762-7846-4C3F-A4D9-DD550FBEF94C}"
EndProject
Project("{FAE04EC0-301F-11D3-BF4B-00C04F79EFBC}") = "Exo-P148-04", "Exo-P148-04\Exo-P148-04.csproj", "{8D66F71D-0324-47E5-8A8E-401E338B3EE5}"
EndProject
Project("{FAE04EC0-301F-11D3-BF4B-00C04F79EFBC}") = "Exo-P148-05", "Exo-P148-05\Exo-P148-05.csproj", "{51D22672-9CDF-4177-A0DD-A83CA17B60CE}"
EndProject
Global
	GlobalSection(SolutionConfigurationPlatforms) = preSolution
		Debug|Any CPU = Debug|Any CPU
		Release|Any CPU = Release|Any CPU
	EndGlobalSection
	GlobalSection(ProjectConfigurationPlatforms) = postSolution
		{FAD11C2F-218E-492B-AF0F-F35EBDA87693}.Debug|Any CPU.ActiveCfg = Debug|Any CPU
		{FAD11C2F-218E-492B-AF0F-F35EBDA87693}.Debug|Any CPU.Build.0 = Debug|Any CPU
		{FAD11C2F-218E-492B-AF0F-F35EBDA87693}.Release|Any CPU.ActiveCfg = Release|Any CPU
		{FAD11C2F-218E-492B-AF0F-F35EBDA87693}.Release|Any CPU.Build.0 = Release|Any CPU
		{04B6817E-2159-4DE3-ADE7-04BD0AE81E0C}.Debug|Any CPU.ActiveCfg = Debug|Any CPU
		{04B6817E-2159-4DE3-ADE7-04BD0AE81E0C}.Debug|Any CPU.Build.0 = Debug|Any CPU
		{04B6817E-2159-4DE3-ADE7-04BD0AE81E0C}.Release|Any CPU.ActiveCfg = Release|Any CPU
		{04B6817E-2159-4DE3-ADE7-04BD0AE81E0C}.Release|Any CPU.Build.0 = Release|Any CPU
		{82432762-7846-4C3F-A4D9-DD550FBEF94C}.Debug|Any CPU.ActiveCfg = Debug|Any CPU
		{82432762-7846-4C3F-A4D9-DD550FBEF94C}.Debug|Any CPU.Build.0 = Debug|Any CPU
		{82432762-7846-4C3F-A4D9-DD550FBEF94C}.Release|Any CPU.ActiveCfg = Release|Any CPU
		{82432762-7846-4C3F-A4D9-DD550FBEF94C}.Release|Any CPU.Build.0 = Release|Any CPU
		{8D66F71D-0324-47E5-8A8E-401E338B3EE5}.Debug|Any CPU.ActiveCfg = Debug|Any CPU
		{8D66F71D-0324-47E5-8A8E-401E338B3EE5}.Debug|Any CPU.Build.0 = Debug|Any CPU
		{8D66F71D-0324-47E5-8A8E-401E338B3EE5}.Release|Any CPU.ActiveCfg = Release|Any CPU
		{8D66F71D-0324-47E5-8A8E-401E338B3EE5}.Release|Any CPU.Build.0 = Release|Any CPU
		{51D22672-9CDF-4177-A0DD-A83CA17B60CE}.Debug|Any CPU.ActiveCfg = Debug|Any CPU
		{51D22672-9CDF-4177-A0DD-A83CA17B60CE}.Debug|Any CPU.Build.0 = Debug|Any CPU
		{51D22672-9CDF-4177-A0DD-A83CA17B60CE}.Release|Any CPU.ActiveCfg = Release|Any CPU
		{51D22672-9CDF-4177-A0DD-A83CA17B60CE}.Release|Any CPU.Build.0 = Release|Any CPU
	EndGlobalSection
	GlobalSection(SolutionProperties) = preSolution
		HideSolutionNode = FALSE
	EndGlobalSection
	GlobalSection(ExtensibilityGlobals) = postSolution
		SolutionGuid = {141228DE-F77C-441A-B174-AA8D472DCA45}
	EndGlobalSection
EndGlobal
